// !$*UTF8*$!
{
	archiveVersion = 1;
	classes = {
	};
	objectVersion = 46;
	objects = {

/* Begin PBXBuildFile section */
		BC5AC8421A826C5D00635F07 /* AppDelegate.swift in Sources */ = {isa = PBXBuildFile; fileRef = BC5AC8411A826C5D00635F07 /* AppDelegate.swift */; };
		BC5AC8441A826C5D00635F07 /* ViewController.swift in Sources */ = {isa = PBXBuildFile; fileRef = BC5AC8431A826C5D00635F07 /* ViewController.swift */; };
		BC5AC8471A826C5D00635F07 /* Main.storyboard in Resources */ = {isa = PBXBuildFile; fileRef = BC5AC8451A826C5D00635F07 /* Main.storyboard */; };
		BC5AC8491A826C5D00635F07 /* Images.xcassets in Resources */ = {isa = PBXBuildFile; fileRef = BC5AC8481A826C5D00635F07 /* Images.xcassets */; };
		BC5AC84C1A826C5D00635F07 /* LaunchScreen.xib in Resources */ = {isa = PBXBuildFile; fileRef = BC5AC84A1A826C5D00635F07 /* LaunchScreen.xib */; };
		BC5AC8581A826C5D00635F07 /* tarjetaPostalTests.swift in Sources */ = {isa = PBXBuildFile; fileRef = BC5AC8571A826C5D00635F07 /* tarjetaPostalTests.swift */; };
/* End PBXBuildFile section */

/* Begin PBXContainerItemProxy section */
		BC5AC8521A826C5D00635F07 /* PBXContainerItemProxy */ = {
			isa = PBXContainerItemProxy;
			containerPortal = BC5AC8341A826C5D00635F07 /* Project object */;
			proxyType = 1;
			remoteGlobalIDString = BC5AC83B1A826C5D00635F07;
			remoteInfo = tarjetaPostal;
		};
/* End PBXContainerItemProxy section */

/* Begin PBXFileReference section */
		BC5AC83C1A826C5D00635F07 /* tarjetaPostal.app */ = {isa = PBXFileReference; explicitFileType = wrapper.application; includeInIndex = 0; path = tarjetaPostal.app; sourceTree = BUILT_PRODUCTS_DIR; };
		BC5AC8401A826C5D00635F07 /* Info.plist */ = {isa = PBXFileReference; lastKnownFileType = text.plist.xml; path = Info.plist; sourceTree = "<group>"; };
		BC5AC8411A826C5D00635F07 /* AppDelegate.swift */ = {isa = PBXFileReference; lastKnownFileType = sourcecode.swift; path = AppDelegate.swift; sourceTree = "<group>"; };
		BC5AC8431A826C5D00635F07 /* ViewController.swift */ = {isa = PBXFileReference; lastKnownFileType = sourcecode.swift; path = ViewController.swift; sourceTree = "<group>"; };
		BC5AC8461A826C5D00635F07 /* Base */ = {isa = PBXFileReference; lastKnownFileType = file.storyboard; name = Base; path = Base.lproj/Main.storyboard; sourceTree = "<group>"; };
		BC5AC8481A826C5D00635F07 /* Images.xcassets */ = {isa = PBXFileReference; lastKnownFileType = folder.assetcatalog; path = Images.xcassets; sourceTree = "<group>"; };
		BC5AC84B1A826C5D00635F07 /* Base */ = {isa = PBXFileReference; lastKnownFileType = file.xib; name = Base; path = Base.lproj/LaunchScreen.xib; sourceTree = "<group>"; };
		BC5AC8511A826C5D00635F07 /* tarjetaPostalTests.xctest */ = {isa = PBXFileReference; explicitFileType = wrapper.cfbundle; includeInIndex = 0; path = tarjetaPostalTests.xctest; sourceTree = BUILT_PRODUCTS_DIR; };
		BC5AC8561A826C5D00635F07 /* Info.plist */ = {isa = PBXFileReference; lastKnownFileType = text.plist.xml; path = Info.plist; sourceTree = "<group>"; };
		BC5AC8571A826C5D00635F07 /* tarjetaPostalTests.swift */ = {isa = PBXFileReference; lastKnownFileType = sourcecode.swift; path = tarjetaPostalTests.swift; sourceTree = "<group>"; };
/* End PBXFileReference section */

/* Begin PBXFrameworksBuildPhase section */
		BC5AC8391A826C5D00635F07 /* Frameworks */ = {
			isa = PBXFrameworksBuildPhase;
			buildActionMask = 2147483647;
			files = (
			);
			runOnlyForDeploymentPostprocessing = 0;
		};
		BC5AC84E1A826C5D00635F07 /* Frameworks */ = {
			isa = PBXFrameworksBuildPhase;
			buildActionMask = 2147483647;
			files = (
			);
			runOnlyForDeploymentPostprocessing = 0;
		};
/* End PBXFrameworksBuildPhase section */

/* Begin PBXGroup section */
		BC5AC8331A826C5D00635F07 = {
			isa = PBXGroup;
			children = (
				BC5AC83E1A826C5D00635F07 /* tarjetaPostal */,
				BC5AC8541A826C5D00635F07 /* tarjetaPostalTests */,
				BC5AC83D1A826C5D00635F07 /* Products */,
			);
			sourceTree = "<group>";
		};
		BC5AC83D1A826C5D00635F07 /* Products */ = {
			isa = PBXGroup;
			children = (
				BC5AC83C1A826C5D00635F07 /* tarjetaPostal.app */,
				BC5AC8511A826C5D00635F07 /* tarjetaPostalTests.xctest */,
			);
			name = Products;
			sourceTree = "<group>";
		};
		BC5AC83E1A826C5D00635F07 /* tarjetaPostal */ = {
			isa = PBXGroup;
			children = (
				BC5AC8411A826C5D00635F07 /* AppDelegate.swift */,
				BC5AC8431A826C5D00635F07 /* ViewController.swift */,
				BC5AC8451A826C5D00635F07 /* Main.storyboard */,
				BC5AC8481A826C5D00635F07 /* Images.xcassets */,
				BC5AC84A1A826C5D00635F07 /* LaunchScreen.xib */,
				BC5AC83F1A826C5D00635F07 /* Supporting Files */,
			);
			path = tarjetaPostal;
			sourceTree = "<group>";
		};
		BC5AC83F1A826C5D00635F07 /* Supporting Files */ = {
			isa = PBXGroup;
			children = (
				BC5AC8401A826C5D00635F07 /* Info.plist */,
			);
			name = "Supporting Files";
			sourceTree = "<group>";
		};
		BC5AC8541A826C5D00635F07 /* tarjetaPostalTests */ = {
			isa = PBXGroup;
			children = (
				BC5AC8571A826C5D00635F07 /* tarjetaPostalTests.swift */,
				BC5AC8551A826C5D00635F07 /* Supporting Files */,
			);
			path = tarjetaPostalTests;
			sourceTree = "<group>";
		};
		BC5AC8551A826C5D00635F07 /* Supporting Files */ = {
			isa = PBXGroup;
			children = (
				BC5AC8561A826C5D00635F07 /* Info.plist */,
			);
			name = "Supporting Files";
			sourceTree = "<group>";
		};
/* End PBXGroup section */

/* Begin PBXNativeTarget section */
		BC5AC83B1A826C5D00635F07 /* tarjetaPostal */ = {
			isa = PBXNativeTarget;
			buildConfigurationList = BC5AC85B1A826C5D00635F07 /* Build configuration list for PBXNativeTarget "tarjetaPostal" */;
			buildPhases = (
				BC5AC8381A826C5D00635F07 /* Sources */,
				BC5AC8391A826C5D00635F07 /* Frameworks */,
				BC5AC83A1A826C5D00635F07 /* Resources */,
			);
			buildRules = (
			);
			dependencies = (
			);
			name = tarjetaPostal;
			productName = tarjetaPostal;
			productReference = BC5AC83C1A826C5D00635F07 /* tarjetaPostal.app */;
			productType = "com.apple.product-type.application";
		};
		BC5AC8501A826C5D00635F07 /* tarjetaPostalTests */ = {
			isa = PBXNativeTarget;
			buildConfigurationList = BC5AC85E1A826C5D00635F07 /* Build configuration list for PBXNativeTarget "tarjetaPostalTests" */;
			buildPhases = (
				BC5AC84D1A826C5D00635F07 /* Sources */,
				BC5AC84E1A826C5D00635F07 /* Frameworks */,
				BC5AC84F1A826C5D00635F07 /* Resources */,
			);
			buildRules = (
			);
			dependencies = (
				BC5AC8531A826C5D00635F07 /* PBXTargetDependency */,
			);
			name = tarjetaPostalTests;
			productName = tarjetaPostalTests;
			productReference = BC5AC8511A826C5D00635F07 /* tarjetaPostalTests.xctest */;
			productType = "com.apple.product-type.bundle.unit-test";
		};
/* End PBXNativeTarget section */

/* Begin PBXProject section */
		BC5AC8341A826C5D00635F07 /* Project object */ = {
			isa = PBXProject;
			attributes = {
				LastUpgradeCheck = 0610;
				ORGANIZATIONNAME = "Arturo De Leon";
				TargetAttributes = {
					BC5AC83B1A826C5D00635F07 = {
						CreatedOnToolsVersion = 6.1.1;
					};
					BC5AC8501A826C5D00635F07 = {
						CreatedOnToolsVersion = 6.1.1;
						TestTargetID = BC5AC83B1A826C5D00635F07;
					};
				};
			};
			buildConfigurationList = BC5AC8371A826C5D00635F07 /* Build configuration list for PBXProject "tarjetaPostal" */;
			compatibilityVersion = "Xcode 3.2";
			developmentRegion = English;
			hasScannedForEncodings = 0;
			knownRegions = (
				en,
				Base,
			);
			mainGroup = BC5AC8331A826C5D00635F07;
			productRefGroup = BC5AC83D1A826C5D00635F07 /* Products */;
			projectDirPath = "";
			projectRoot = "";
			targets = (
				BC5AC83B1A826C5D00635F07 /* tarjetaPostal */,
				BC5AC8501A826C5D00635F07 /* tarjetaPostalTests */,
			);
		};
/* End PBXProject section */

/* Begin PBXResourcesBuildPhase section */
		BC5AC83A1A826C5D00635F07 /* Resources */ = {
			isa = PBXResourcesBuildPhase;
			buildActionMask = 2147483647;
			files = (
				BC5AC8471A826C5D00635F07 /* Main.storyboard in Resources */,
				BC5AC84C1A826C5D00635F07 /* LaunchScreen.xib in Resources */,
				BC5AC8491A826C5D00635F07 /* Images.xcassets in Resources */,
			);
			runOnlyForDeploymentPostprocessing = 0;
		};
		BC5AC84F1A826C5D00635F07 /* Resources */ = {
			isa = PBXResourcesBuildPhase;
			buildActionMask = 2147483647;
			files = (
			);
			runOnlyForDeploymentPostprocessing = 0;
		};
/* End PBXResourcesBuildPhase section */

/* Begin PBXSourcesBuildPhase section */
		BC5AC8381A826C5D00635F07 /* Sources */ = {
			isa = PBXSourcesBuildPhase;
			buildActionMask = 2147483647;
			files = (
				BC5AC8441A826C5D00635F07 /* ViewController.swift in Sources */,
				BC5AC8421A826C5D00635F07 /* AppDelegate.swift in Sources */,
			);
			runOnlyForDeploymentPostprocessing = 0;
		};
		BC5AC84D1A826C5D00635F07 /* Sources */ = {
			isa = PBXSourcesBuildPhase;
			buildActionMask = 2147483647;
			files = (
				BC5AC8581A826C5D00635F07 /* tarjetaPostalTests.swift in Sources */,
			);
			runOnlyForDeploymentPostprocessing = 0;
		};
/* End PBXSourcesBuildPhase section */

/* Begin PBXTargetDependency section */
		BC5AC8531A826C5D00635F07 /* PBXTargetDependency */ = {
			isa = PBXTargetDependency;
			target = BC5AC83B1A826C5D00635F07 /* tarjetaPostal */;
			targetProxy = BC5AC8521A826C5D00635F07 /* PBXContainerItemProxy */;
		};
/* End PBXTargetDependency section */

/* Begin PBXVariantGroup section */
		BC5AC8451A826C5D00635F07 /* Main.storyboard */ = {
			isa = PBXVariantGroup;
			children = (
				BC5AC8461A826C5D00635F07 /* Base */,
			);
			name = Main.storyboard;
			sourceTree = "<group>";
		};
		BC5AC84A1A826C5D00635F07 /* LaunchScreen.xib */ = {
			isa = PBXVariantGroup;
			children = (
				BC5AC84B1A826C5D00635F07 /* Base */,
			);
			name = LaunchScreen.xib;
			sourceTree = "<group>";
		};
/* End PBXVariantGroup section */

/* Begin XCBuildConfiguration section */
		BC5AC8591A826C5D00635F07 /* Debug */ = {
			isa = XCBuildConfiguration;
			buildSettings = {
				ALWAYS_SEARCH_USER_PATHS = NO;
				CLANG_CXX_LANGUAGE_STANDARD = "gnu++0x";
				CLANG_CXX_LIBRARY = "libc++";
				CLANG_ENABLE_MODULES = YES;
				CLANG_ENABLE_OBJC_ARC = YES;
				CLANG_WARN_BOOL_CONVERSION = YES;
				CLANG_WARN_CONSTANT_CONVERSION = YES;
				CLANG_WARN_DIRECT_OBJC_ISA_USAGE = YES_ERROR;
				CLANG_WARN_EMPTY_BODY = YES;
				CLANG_WARN_ENUM_CONVERSION = YES;
				CLANG_WARN_INT_CONVERSION = YES;
				CLANG_WARN_OBJC_ROOT_CLASS = YES_ERROR;
				CLANG_WARN_UNREACHABLE_CODE = YES;
				CLANG_WARN__DUPLICATE_METHOD_MATCH = YES;
				"CODE_SIGN_IDENTITY[sdk=iphoneos*]" = "iPhone Developer";
				COPY_PHASE_STRIP = NO;
				ENABLE_STRICT_OBJC_MSGSEND = YES;
				GCC_C_LANGUAGE_STANDARD = gnu99;
				GCC_DYNAMIC_NO_PIC = NO;
				GCC_OPTIMIZATION_LEVEL = 0;
				GCC_PREPROCESSOR_DEFINITIONS = (
					"DEBUG=1",
					"$(inherited)",
				);
				GCC_SYMBOLS_PRIVATE_EXTERN = NO;
				GCC_WARN_64_TO_32_BIT_CONVERSION = YES;
				GCC_WARN_ABOUT_RETURN_TYPE = YES_ERROR;
				GCC_WARN_UNDECLARED_SELECTOR = YES;
				GCC_WARN_UNINITIALIZED_AUTOS = YES_AGGRESSIVE;
				GCC_WARN_UNUSED_FUNCTION = YES;
				GCC_WARN_UNUSED_VARIABLE = YES;
				IPHONEOS_DEPLOYMENT_TARGET = 8.1;
				MTL_ENABLE_DEBUG_INFO = YES;
				ONLY_ACTIVE_ARCH = YES;
				SDKROOT = iphoneos;
				SWIFT_OPTIMIZATION_LEVEL = "-Onone";
				TARGETED_DEVICE_FAMILY = "1,2";
			};
			name = Debug;
		};
		BC5AC85A1A826C5D00635F07 /* Release */ = {
			isa = XCBuildConfiguration;
			buildSettings = {
				ALWAYS_SEARCH_USER_PATHS = NO;
				CLANG_CXX_LANGUAGE_STANDARD = "gnu++0x";
				CLANG_CXX_LIBRARY = "libc++";
				CLANG_ENABLE_MODULES = YES;
				CLANG_ENABLE_OBJC_ARC = YES;
				CLANG_WARN_BOOL_CONVERSION = YES;
				CLANG_WARN_CONSTANT_CONVERSION = YES;
				CLANG_WARN_DIRECT_OBJC_ISA_USAGE = YES_ERROR;
				CLANG_WARN_EMPTY_BODY = YES;
				CLANG_WARN_ENUM_CONVERSION = YES;
				CLANG_WARN_INT_CONVERSION = YES;
				CLANG_WARN_OBJC_ROOT_CLASS = YES_ERROR;
				CLANG_WARN_UNREACHABLE_CODE = YES;
				CLANG_WARN__DUPLICATE_METHOD_MATCH = YES;
				"CODE_SIGN_IDENTITY[sdk=iphoneos*]" = "iPhone Developer";
				COPY_PHASE_STRIP = YES;
				ENABLE_NS_ASSERTIONS = NO;
				ENABLE_STRICT_OBJC_MSGSEND = YES;
				GCC_C_LANGUAGE_STANDARD = gnu99;
				GCC_WARN_64_TO_32_BIT_CONVERSION = YES;
				GCC_WARN_ABOUT_RETURN_TYPE = YES_ERROR;
				GCC_WARN_UNDECLARED_SELECTOR = YES;
				GCC_WARN_UNINITIALIZED_AUTOS = YES_AGGRESSIVE;
				GCC_WARN_UNUSED_FUNCTION = YES;
				GCC_WARN_UNUSED_VARIABLE = YES;
				IPHONEOS_DEPLOYMENT_TARGET = 8.1;
				MTL_ENABLE_DEBUG_INFO = NO;
				SDKROOT = iphoneos;
				TARGETED_DEVICE_FAMILY = "1,2";
				VALIDATE_PRODUCT = YES;
			};
			name = Release;
		};
		BC5AC85C1A826C5D00635F07 /* Debug */ = {
			isa = XCBuildConfiguration;
			buildSettings = {
				ASSETCATALOG_COMPILER_APPICON_NAME = AppIcon;
				INFOPLIST_FILE = tarjetaPostal/Info.plist;
				LD_RUNPATH_SEARCH_PATHS = "$(inherited) @executable_path/Frameworks";
				PRODUCT_NAME = "$(TARGET_NAME)";
			};
			name = Debug;
		};
		BC5AC85D1A826C5D00635F07 /* Release */ = {
			isa = XCBuildConfiguration;
			buildSettings = {
				ASSETCATALOG_COMPILER_APPICON_NAME = AppIcon;
				INFOPLIST_FILE = tarjetaPostal/Info.plist;
				LD_RUNPATH_SEARCH_PATHS = "$(inherited) @executable_path/Frameworks";
				PRODUCT_NAME = "$(TARGET_NAME)";
			};
			name = Release;
		};
		BC5AC85F1A826C5D00635F07 /* Debug */ = {
			isa = XCBuildConfiguration;
			buildSettings = {
				BUNDLE_LOADER = "$(TEST_HOST)";
				FRAMEWORK_SEARCH_PATHS = (
					"$(SDKROOT)/Developer/Library/Frameworks",
					"$(inherited)",
				);
				GCC_PREPROCESSOR_DEFINITIONS = (
					"DEBUG=1",
					"$(inherited)",
				);
				INFOPLIST_FILE = tarjetaPostalTests/Info.plist;
				LD_RUNPATH_SEARCH_PATHS = "$(inherited) @executable_path/Frameworks @loader_path/Frameworks";
				PRODUCT_NAME = "$(TARGET_NAME)";
				TEST_HOST = "$(BUILT_PRODUCTS_DIR)/tarjetaPostal.app/tarjetaPostal";
			};
			name = Debug;
		};
		BC5AC8601A826C5D00635F07 /* Release */ = {
			isa = XCBuildConfiguration;
			buildSettings = {
				BUNDLE_LOADER = "$(TEST_HOST)";
				FRAMEWORK_SEARCH_PATHS = (
					"$(SDKROOT)/Developer/Library/Frameworks",
					"$(inherited)",
				);
				INFOPLIST_FILE = tarjetaPostalTests/Info.plist;
				LD_RUNPATH_SEARCH_PATHS = "$(inherited) @executable_path/Frameworks @loader_path/Frameworks";
				PRODUCT_NAME = "$(TARGET_NAME)";
				TEST_HOST = "$(BUILT_PRODUCTS_DIR)/tarjetaPostal.app/tarjetaPostal";
			};
			name = Release;
		};
/* End XCBuildConfiguration section */

/* Begin XCConfigurationList section */
		BC5AC8371A826C5D00635F07 /* Build configuration list for PBXProject "tarjetaPostal" */ = {
			isa = XCConfigurationList;
			buildConfigurations = (
				BC5AC8591A826C5D00635F07 /* Debug */,
				BC5AC85A1A826C5D00635F07 /* Release */,
			);
			defaultConfigurationIsVisible = 0;
			defaultConfigurationName = Release;
		};
		BC5AC85B1A826C5D00635F07 /* Build configuration list for PBXNativeTarget "tarjetaPostal" */ = {
			isa = XCConfigurationList;
			buildConfigurations = (
				BC5AC85C1A826C5D00635F07 /* Debug */,
				BC5AC85D1A826C5D00635F07 /* Release */,
			);
			defaultConfigurationIsVisible = 0;
		};
		BC5AC85E1A826C5D00635F07 /* Build configuration list for PBXNativeTarget "tarjetaPostalTests" */ = {
			isa = XCConfigurationList;
			buildConfigurations = (
				BC5AC85F1A826C5D00635F07 /* Debug */,
				BC5AC8601A826C5D00635F07 /* Release */,
			);
			defaultConfigurationIsVisible = 0;
		};
/* End XCConfigurationList section */
	};
	rootObject = BC5AC8341A826C5D00635F07 /* Project object */;
}
